// !$*UTF8*$!
{
	archiveVersion = 1;
	classes = {
	};
	objectVersion = 56;
	objects = {

/* Begin PBXBuildFile section */
		593CDC6F2A0B2E5900E47648 /* AppDelegate.swift in Sources */ = {isa = PBXBuildFile; fileRef = 593CDC6E2A0B2E5900E47648 /* AppDelegate.swift */; };
		593CDC712A0B2E5900E47648 /* SceneDelegate.swift in Sources */ = {isa = PBXBuildFile; fileRef = 593CDC702A0B2E5900E47648 /* SceneDelegate.swift */; };
		593CDC732A0B2E5900E47648 /* ViewController.swift in Sources */ = {isa = PBXBuildFile; fileRef = 593CDC722A0B2E5900E47648 /* ViewController.swift */; };
		593CDC762A0B2E5900E47648 /* Main.storyboard in Resources */ = {isa = PBXBuildFile; fileRef = 593CDC742A0B2E5900E47648 /* Main.storyboard */; };
		593CDC792A0B2E5900E47648 /* ConstFindImageApp.xcdatamodeld in Sources */ = {isa = PBXBuildFile; fileRef = 593CDC772A0B2E5900E47648 /* ConstFindImageApp.xcdatamodeld */; };
		593CDC7B2A0B2E5A00E47648 /* Assets.xcassets in Resources */ = {isa = PBXBuildFile; fileRef = 593CDC7A2A0B2E5A00E47648 /* Assets.xcassets */; };
		593CDC7E2A0B2E5A00E47648 /* LaunchScreen.storyboard in Resources */ = {isa = PBXBuildFile; fileRef = 593CDC7C2A0B2E5A00E47648 /* LaunchScreen.storyboard */; };
		593CDC872A0B31A000E47648 /* ImageListTableViewCell.swift in Sources */ = {isa = PBXBuildFile; fileRef = 593CDC852A0B31A000E47648 /* ImageListTableViewCell.swift */; };
		593CDC882A0B31A000E47648 /* ImageListTableViewCell.xib in Resources */ = {isa = PBXBuildFile; fileRef = 593CDC862A0B31A000E47648 /* ImageListTableViewCell.xib */; };
		599DDBF32A0B4B1900372414 /* Kingfisher in Frameworks */ = {isa = PBXBuildFile; productRef = 599DDBF22A0B4B1900372414 /* Kingfisher */; };
/* End PBXBuildFile section */

/* Begin PBXFileReference section */
		593CDC6B2A0B2E5900E47648 /* ConstFindImageApp.app */ = {isa = PBXFileReference; explicitFileType = wrapper.application; includeInIndex = 0; path = ConstFindImageApp.app; sourceTree = BUILT_PRODUCTS_DIR; };
		593CDC6E2A0B2E5900E47648 /* AppDelegate.swift */ = {isa = PBXFileReference; lastKnownFileType = sourcecode.swift; path = AppDelegate.swift; sourceTree = "<group>"; };
		593CDC702A0B2E5900E47648 /* SceneDelegate.swift */ = {isa = PBXFileReference; lastKnownFileType = sourcecode.swift; path = SceneDelegate.swift; sourceTree = "<group>"; };
		593CDC722A0B2E5900E47648 /* ViewController.swift */ = {isa = PBXFileReference; lastKnownFileType = sourcecode.swift; path = ViewController.swift; sourceTree = "<group>"; };
		593CDC752A0B2E5900E47648 /* Base */ = {isa = PBXFileReference; lastKnownFileType = file.storyboard; name = Base; path = Base.lproj/Main.storyboard; sourceTree = "<group>"; };
		593CDC782A0B2E5900E47648 /* ConstFindImageApp.xcdatamodel */ = {isa = PBXFileReference; lastKnownFileType = wrapper.xcdatamodel; path = ConstFindImageApp.xcdatamodel; sourceTree = "<group>"; };
		593CDC7A2A0B2E5A00E47648 /* Assets.xcassets */ = {isa = PBXFileReference; lastKnownFileType = folder.assetcatalog; path = Assets.xcassets; sourceTree = "<group>"; };
		593CDC7D2A0B2E5A00E47648 /* Base */ = {isa = PBXFileReference; lastKnownFileType = file.storyboard; name = Base; path = Base.lproj/LaunchScreen.storyboard; sourceTree = "<group>"; };
		593CDC7F2A0B2E5A00E47648 /* Info.plist */ = {isa = PBXFileReference; lastKnownFileType = text.plist.xml; path = Info.plist; sourceTree = "<group>"; };
		593CDC852A0B31A000E47648 /* ImageListTableViewCell.swift */ = {isa = PBXFileReference; lastKnownFileType = sourcecode.swift; path = ImageListTableViewCell.swift; sourceTree = "<group>"; };
		593CDC862A0B31A000E47648 /* ImageListTableViewCell.xib */ = {isa = PBXFileReference; lastKnownFileType = file.xib; path = ImageListTableViewCell.xib; sourceTree = "<group>"; };
/* End PBXFileReference section */

/* Begin PBXFrameworksBuildPhase section */
		593CDC682A0B2E5900E47648 /* Frameworks */ = {
			isa = PBXFrameworksBuildPhase;
			buildActionMask = 2147483647;
			files = (
				599DDBF32A0B4B1900372414 /* Kingfisher in Frameworks */,
			);
			runOnlyForDeploymentPostprocessing = 0;
		};
/* End PBXFrameworksBuildPhase section */

/* Begin PBXGroup section */
		593CDC622A0B2E5900E47648 = {
			isa = PBXGroup;
			children = (
				593CDC6D2A0B2E5900E47648 /* ConstFindImageApp */,
				593CDC6C2A0B2E5900E47648 /* Products */,
			);
			sourceTree = "<group>";
		};
		593CDC6C2A0B2E5900E47648 /* Products */ = {
			isa = PBXGroup;
			children = (
				593CDC6B2A0B2E5900E47648 /* ConstFindImageApp.app */,
			);
			name = Products;
			sourceTree = "<group>";
		};
		593CDC6D2A0B2E5900E47648 /* ConstFindImageApp */ = {
			isa = PBXGroup;
			children = (
				593CDC6E2A0B2E5900E47648 /* AppDelegate.swift */,
				593CDC702A0B2E5900E47648 /* SceneDelegate.swift */,
				593CDC722A0B2E5900E47648 /* ViewController.swift */,
				593CDC742A0B2E5900E47648 /* Main.storyboard */,
				593CDC7A2A0B2E5A00E47648 /* Assets.xcassets */,
				593CDC7C2A0B2E5A00E47648 /* LaunchScreen.storyboard */,
				593CDC7F2A0B2E5A00E47648 /* Info.plist */,
				593CDC772A0B2E5900E47648 /* ConstFindImageApp.xcdatamodeld */,
				593CDC852A0B31A000E47648 /* ImageListTableViewCell.swift */,
				593CDC862A0B31A000E47648 /* ImageListTableViewCell.xib */,
			);
			path = ConstFindImageApp;
			sourceTree = "<group>";
		};
/* End PBXGroup section */

/* Begin PBXNativeTarget section */
		593CDC6A2A0B2E5900E47648 /* ConstFindImageApp */ = {
			isa = PBXNativeTarget;
			buildConfigurationList = 593CDC822A0B2E5A00E47648 /* Build configuration list for PBXNativeTarget "ConstFindImageApp" */;
			buildPhases = (
				593CDC672A0B2E5900E47648 /* Sources */,
				593CDC682A0B2E5900E47648 /* Frameworks */,
				593CDC692A0B2E5900E47648 /* Resources */,
			);
			buildRules = (
			);
			dependencies = (
			);
			name = ConstFindImageApp;
			packageProductDependencies = (
				599DDBF22A0B4B1900372414 /* Kingfisher */,
			);
			productName = ConstFindImageApp;
			productReference = 593CDC6B2A0B2E5900E47648 /* ConstFindImageApp.app */;
			productType = "com.apple.product-type.application";
		};
/* End PBXNativeTarget section */

/* Begin PBXProject section */
		593CDC632A0B2E5900E47648 /* Project object */ = {
			isa = PBXProject;
			attributes = {
				BuildIndependentTargetsInParallel = 1;
				LastSwiftUpdateCheck = 1420;
				LastUpgradeCheck = 1420;
				TargetAttributes = {
					593CDC6A2A0B2E5900E47648 = {
						CreatedOnToolsVersion = 14.2;
					};
				};
			};
			buildConfigurationList = 593CDC662A0B2E5900E47648 /* Build configuration list for PBXProject "ConstFindImageApp" */;
			compatibilityVersion = "Xcode 14.0";
			developmentRegion = en;
			hasScannedForEncodings = 0;
			knownRegions = (
				en,
				Base,
			);
			mainGroup = 593CDC622A0B2E5900E47648;
			packageReferences = (
				599DDBF12A0B4B1900372414 /* XCRemoteSwiftPackageReference "Kingfisher" */,
			);
			productRefGroup = 593CDC6C2A0B2E5900E47648 /* Products */;
			projectDirPath = "";
			projectRoot = "";
			targets = (
				593CDC6A2A0B2E5900E47648 /* ConstFindImageApp */,
			);
		};
/* End PBXProject section */

/* Begin PBXResourcesBuildPhase section */
		593CDC692A0B2E5900E47648 /* Resources */ = {
			isa = PBXResourcesBuildPhase;
			buildActionMask = 2147483647;
			files = (
				593CDC7E2A0B2E5A00E47648 /* LaunchScreen.storyboard in Resources */,
				593CDC882A0B31A000E47648 /* ImageListTableViewCell.xib in Resources */,
				593CDC7B2A0B2E5A00E47648 /* Assets.xcassets in Resources */,
				593CDC762A0B2E5900E47648 /* Main.storyboard in Resources */,
			);
			runOnlyForDeploymentPostprocessing = 0;
		};
/* End PBXResourcesBuildPhase section */

/* Begin PBXSourcesBuildPhase section */
		593CDC672A0B2E5900E47648 /* Sources */ = {
			isa = PBXSourcesBuildPhase;
			buildActionMask = 2147483647;
			files = (
				593CDC732A0B2E5900E47648 /* ViewController.swift in Sources */,
				593CDC872A0B31A000E47648 /* ImageListTableViewCell.swift in Sources */,
				593CDC6F2A0B2E5900E47648 /* AppDelegate.swift in Sources */,
				593CDC792A0B2E5900E47648 /* ConstFindImageApp.xcdatamodeld in Sources */,
				593CDC712A0B2E5900E47648 /* SceneDelegate.swift in Sources */,
			);
			runOnlyForDeploymentPostprocessing = 0;
		};
/* End PBXSourcesBuildPhase section */

/* Begin PBXVariantGroup section */
		593CDC742A0B2E5900E47648 /* Main.storyboard */ = {
			isa = PBXVariantGroup;
			children = (
				593CDC752A0B2E5900E47648 /* Base */,
			);
			name = Main.storyboard;
			sourceTree = "<group>";
		};
		593CDC7C2A0B2E5A00E47648 /* LaunchScreen.storyboard */ = {
			isa = PBXVariantGroup;
			children = (
				593CDC7D2A0B2E5A00E47648 /* Base */,
			);
			name = LaunchScreen.storyboard;
			sourceTree = "<group>";
		};
/* End PBXVariantGroup section */

/* Begin XCBuildConfiguration section */
		593CDC802A0B2E5A00E47648 /* Debug */ = {
			isa = XCBuildConfiguration;
			buildSettings = {
				ALWAYS_SEARCH_USER_PATHS = NO;
				CLANG_ANALYZER_NONNULL = YES;
				CLANG_ANALYZER_NUMBER_OBJECT_CONVERSION = YES_AGGRESSIVE;
				CLANG_CXX_LANGUAGE_STANDARD = "gnu++20";
				CLANG_ENABLE_MODULES = YES;
				CLANG_ENABLE_OBJC_ARC = YES;
				CLANG_ENABLE_OBJC_WEAK = YES;
				CLANG_WARN_BLOCK_CAPTURE_AUTORELEASING = YES;
				CLANG_WARN_BOOL_CONVERSION = YES;
				CLANG_WARN_COMMA = YES;
				CLANG_WARN_CONSTANT_CONVERSION = YES;
				CLANG_WARN_DEPRECATED_OBJC_IMPLEMENTATIONS = YES;
				CLANG_WARN_DIRECT_OBJC_ISA_USAGE = YES_ERROR;
				CLANG_WARN_DOCUMENTATION_COMMENTS = YES;
				CLANG_WARN_EMPTY_BODY = YES;
				CLANG_WARN_ENUM_CONVERSION = YES;
				CLANG_WARN_INFINITE_RECURSION = YES;
				CLANG_WARN_INT_CONVERSION = YES;
				CLANG_WARN_NON_LITERAL_NULL_CONVERSION = YES;
				CLANG_WARN_OBJC_IMPLICIT_RETAIN_SELF = YES;
				CLANG_WARN_OBJC_LITERAL_CONVERSION = YES;
				CLANG_WARN_OBJC_ROOT_CLASS = YES_ERROR;
				CLANG_WARN_QUOTED_INCLUDE_IN_FRAMEWORK_HEADER = YES;
				CLANG_WARN_RANGE_LOOP_ANALYSIS = YES;
				CLANG_WARN_STRICT_PROTOTYPES = YES;
				CLANG_WARN_SUSPICIOUS_MOVE = YES;
				CLANG_WARN_UNGUARDED_AVAILABILITY = YES_AGGRESSIVE;
				CLANG_WARN_UNREACHABLE_CODE = YES;
				CLANG_WARN__DUPLICATE_METHOD_MATCH = YES;
				COPY_PHASE_STRIP = NO;
				DEBUG_INFORMATION_FORMAT = dwarf;
				ENABLE_STRICT_OBJC_MSGSEND = YES;
				ENABLE_TESTABILITY = YES;
				GCC_C_LANGUAGE_STANDARD = gnu11;
				GCC_DYNAMIC_NO_PIC = NO;
				GCC_NO_COMMON_BLOCKS = YES;
				GCC_OPTIMIZATION_LEVEL = 0;
				GCC_PREPROCESSOR_DEFINITIONS = (
					"DEBUG=1",
					"$(inherited)",
				);
				GCC_WARN_64_TO_32_BIT_CONVERSION = YES;
				GCC_WARN_ABOUT_RETURN_TYPE = YES_ERROR;
				GCC_WARN_UNDECLARED_SELECTOR = YES;
				GCC_WARN_UNINITIALIZED_AUTOS = YES_AGGRESSIVE;
				GCC_WARN_UNUSED_FUNCTION = YES;
				GCC_WARN_UNUSED_VARIABLE = YES;
				IPHONEOS_DEPLOYMENT_TARGET = 16.2;
				MTL_ENABLE_DEBUG_INFO = INCLUDE_SOURCE;
				MTL_FAST_MATH = YES;
				ONLY_ACTIVE_ARCH = YES;
				SDKROOT = iphoneos;
				SWIFT_ACTIVE_COMPILATION_CONDITIONS = DEBUG;
				SWIFT_OPTIMIZATION_LEVEL = "-Onone";
			};
			name = Debug;
		};
		593CDC812A0B2E5A00E47648 /* Release */ = {
			isa = XCBuildConfiguration;
			buildSettings = {
				ALWAYS_SEARCH_USER_PATHS = NO;
				CLANG_ANALYZER_NONNULL = YES;
				CLANG_ANALYZER_NUMBER_OBJECT_CONVERSION = YES_AGGRESSIVE;
				CLANG_CXX_LANGUAGE_STANDARD = "gnu++20";
				CLANG_ENABLE_MODULES = YES;
				CLANG_ENABLE_OBJC_ARC = YES;
				CLANG_ENABLE_OBJC_WEAK = YES;
				CLANG_WARN_BLOCK_CAPTURE_AUTORELEASING = YES;
				CLANG_WARN_BOOL_CONVERSION = YES;
				CLANG_WARN_COMMA = YES;
				CLANG_WARN_CONSTANT_CONVERSION = YES;
				CLANG_WARN_DEPRECATED_OBJC_IMPLEMENTATIONS = YES;
				CLANG_WARN_DIRECT_OBJC_ISA_USAGE = YES_ERROR;
				CLANG_WARN_DOCUMENTATION_COMMENTS = YES;
				CLANG_WARN_EMPTY_BODY = YES;
				CLANG_WARN_ENUM_CONVERSION = YES;
				CLANG_WARN_INFINITE_RECURSION = YES;
				CLANG_WARN_INT_CONVERSION = YES;
				CLANG_WARN_NON_LITERAL_NULL_CONVERSION = YES;
				CLANG_WARN_OBJC_IMPLICIT_RETAIN_SELF = YES;
				CLANG_WARN_OBJC_LITERAL_CONVERSION = YES;
				CLANG_WARN_OBJC_ROOT_CLASS = YES_ERROR;
				CLANG_WARN_QUOTED_INCLUDE_IN_FRAMEWORK_HEADER = YES;
				CLANG_WARN_RANGE_LOOP_ANALYSIS = YES;
				CLANG_WARN_STRICT_PROTOTYPES = YES;
				CLANG_WARN_SUSPICIOUS_MOVE = YES;
				CLANG_WARN_UNGUARDED_AVAILABILITY = YES_AGGRESSIVE;
				CLANG_WARN_UNREACHABLE_CODE = YES;
				CLANG_WARN__DUPLICATE_METHOD_MATCH = YES;
				COPY_PHASE_STRIP = NO;
				DEBUG_INFORMATION_FORMAT = "dwarf-with-dsym";
				ENABLE_NS_ASSERTIONS = NO;
				ENABLE_STRICT_OBJC_MSGSEND = YES;
				GCC_C_LANGUAGE_STANDARD = gnu11;
				GCC_NO_COMMON_BLOCKS = YES;
				GCC_WARN_64_TO_32_BIT_CONVERSION = YES;
				GCC_WARN_ABOUT_RETURN_TYPE = YES_ERROR;
				GCC_WARN_UNDECLARED_SELECTOR = YES;
				GCC_WARN_UNINITIALIZED_AUTOS = YES_AGGRESSIVE;
				GCC_WARN_UNUSED_FUNCTION = YES;
				GCC_WARN_UNUSED_VARIABLE = YES;
				IPHONEOS_DEPLOYMENT_TARGET = 16.2;
				MTL_ENABLE_DEBUG_INFO = NO;
				MTL_FAST_MATH = YES;
				SDKROOT = iphoneos;
				SWIFT_COMPILATION_MODE = wholemodule;
				SWIFT_OPTIMIZATION_LEVEL = "-O";
				VALIDATE_PRODUCT = YES;
			};
			name = Release;
		};
		593CDC832A0B2E5A00E47648 /* Debug */ = {
			isa = XCBuildConfiguration;
			buildSettings = {
				ASSETCATALOG_COMPILER_APPICON_NAME = AppIcon;
				ASSETCATALOG_COMPILER_GLOBAL_ACCENT_COLOR_NAME = AccentColor;
				CODE_SIGN_STYLE = Automatic;
				CURRENT_PROJECT_VERSION = 1;
				DEVELOPMENT_TEAM = X73WTK25N3;
				GENERATE_INFOPLIST_FILE = YES;
				INFOPLIST_FILE = ConstFindImageApp/Info.plist;
				INFOPLIST_KEY_UIApplicationSupportsIndirectInputEvents = YES;
				INFOPLIST_KEY_UILaunchStoryboardName = LaunchScreen;
				INFOPLIST_KEY_UIMainStoryboardFile = Main;
				INFOPLIST_KEY_UISupportedInterfaceOrientations_iPad = "UIInterfaceOrientationPortrait UIInterfaceOrientationPortraitUpsideDown UIInterfaceOrientationLandscapeLeft UIInterfaceOrientationLandscapeRight";
				INFOPLIST_KEY_UISupportedInterfaceOrientations_iPhone = "UIInterfaceOrientationPortrait UIInterfaceOrientationLandscapeLeft UIInterfaceOrientationLandscapeRight";
				LD_RUNPATH_SEARCH_PATHS = (
					"$(inherited)",
					"@executable_path/Frameworks",
				);
				MARKETING_VERSION = 1.0;
				PRODUCT_BUNDLE_IDENTIFIER = jinunzzan.kec.ConstFindImageApp;
				PRODUCT_NAME = "$(TARGET_NAME)";
				SWIFT_EMIT_LOC_STRINGS = YES;
				SWIFT_VERSION = 5.0;
				TARGETED_DEVICE_FAMILY = "1,2";
			};
			name = Debug;
		};
		593CDC842A0B2E5A00E47648 /* Release */ = {
			isa = XCBuildConfiguration;
			buildSettings = {
				ASSETCATALOG_COMPILER_APPICON_NAME = AppIcon;
				ASSETCATALOG_COMPILER_GLOBAL_ACCENT_COLOR_NAME = AccentColor;
				CODE_SIGN_STYLE = Automatic;
				CURRENT_PROJECT_VERSION = 1;
				DEVELOPMENT_TEAM = X73WTK25N3;
				GENERATE_INFOPLIST_FILE = YES;
				INFOPLIST_FILE = ConstFindImageApp/Info.plist;
				INFOPLIST_KEY_UIApplicationSupportsIndirectInputEvents = YES;
				INFOPLIST_KEY_UILaunchStoryboardName = LaunchScreen;
				INFOPLIST_KEY_UIMainStoryboardFile = Main;
				INFOPLIST_KEY_UISupportedInterfaceOrientations_iPad = "UIInterfaceOrientationPortrait UIInterfaceOrientationPortraitUpsideDown UIInterfaceOrientationLandscapeLeft UIInterfaceOrientationLandscapeRight";
				INFOPLIST_KEY_UISupportedInterfaceOrientations_iPhone = "UIInterfaceOrientationPortrait UIInterfaceOrientationLandscapeLeft UIInterfaceOrientationLandscapeRight";
				LD_RUNPATH_SEARCH_PATHS = (
					"$(inherited)",
					"@executable_path/Frameworks",
				);
				MARKETING_VERSION = 1.0;
				PRODUCT_BUNDLE_IDENTIFIER = jinunzzan.kec.ConstFindImageApp;
				PRODUCT_NAME = "$(TARGET_NAME)";
				SWIFT_EMIT_LOC_STRINGS = YES;
				SWIFT_VERSION = 5.0;
				TARGETED_DEVICE_FAMILY = "1,2";
			};
			name = Release;
		};
/* End XCBuildConfiguration section */

/* Begin XCConfigurationList section */
		593CDC662A0B2E5900E47648 /* Build configuration list for PBXProject "ConstFindImageApp" */ = {
			isa = XCConfigurationList;
			buildConfigurations = (
				593CDC802A0B2E5A00E47648 /* Debug */,
				593CDC812A0B2E5A00E47648 /* Release */,
			);
			defaultConfigurationIsVisible = 0;
			defaultConfigurationName = Release;
		};
		593CDC822A0B2E5A00E47648 /* Build configuration list for PBXNativeTarget "ConstFindImageApp" */ = {
			isa = XCConfigurationList;
			buildConfigurations = (
				593CDC832A0B2E5A00E47648 /* Debug */,
				593CDC842A0B2E5A00E47648 /* Release */,
			);
			defaultConfigurationIsVisible = 0;
			defaultConfigurationName = Release;
		};
/* End XCConfigurationList section */

/* Begin XCRemoteSwiftPackageReference section */
		599DDBF12A0B4B1900372414 /* XCRemoteSwiftPackageReference "Kingfisher" */ = {
			isa = XCRemoteSwiftPackageReference;
			repositoryURL = "https://github.com/onevcat/Kingfisher.git";
			requirement = {
				branch = master;
				kind = branch;
			};
		};
/* End XCRemoteSwiftPackageReference section */

/* Begin XCSwiftPackageProductDependency section */
		599DDBF22A0B4B1900372414 /* Kingfisher */ = {
			isa = XCSwiftPackageProductDependency;
			package = 599DDBF12A0B4B1900372414 /* XCRemoteSwiftPackageReference "Kingfisher" */;
			productName = Kingfisher;
		};
/* End XCSwiftPackageProductDependency section */

/* Begin XCVersionGroup section */
		593CDC772A0B2E5900E47648 /* ConstFindImageApp.xcdatamodeld */ = {
			isa = XCVersionGroup;
			children = (
				593CDC782A0B2E5900E47648 /* ConstFindImageApp.xcdatamodel */,
			);
			currentVersion = 593CDC782A0B2E5900E47648 /* ConstFindImageApp.xcdatamodel */;
			path = ConstFindImageApp.xcdatamodeld;
			sourceTree = "<group>";
			versionGroupType = wrapper.xcdatamodel;
		};
/* End XCVersionGroup section */
	};
	rootObject = 593CDC632A0B2E5900E47648 /* Project object */;
}
